
Microsoft Visual Studio Solution File, Format Version 11.00
# Visual C# Express 2010
Project("{FAE04EC0-301F-11D3-BF4B-00C04F79EFBC}") = "ArgsTest", "ArgsTest\ArgsTest.csproj", "{AC9589A6-12D6-48AC-B1C0-B722F8B1932D}"
EndProject
Global
	GlobalSection(SolutionConfigurationPlatforms) = preSolution
		Debug|x86 = Debug|x86
		Release|x86 = Release|x86
	EndGlobalSection
	GlobalSection(ProjectConfigurationPlatforms) = postSolution
		{AC9589A6-12D6-48AC-B1C0-B722F8B1932D}.Debug|x86.ActiveCfg = Debug|x86
		{AC9589A6-12D6-48AC-B1C0-B722F8B1932D}.Debug|x86.Build.0 = Debug|x86
		{AC9589A6-12D6-48AC-B1C0-B722F8B1932D}.Release|x86.ActiveCfg = Release|x86
		{AC9589A6-12D6-48AC-B1C0-B722F8B1932D}.Release|x86.Build.0 = Release|x86
	EndGlobalSection
	GlobalSection(SolutionProperties) = preSolution
		HideSolutionNode = FALSE
	EndGlobalSection
EndGlobal
